
Microsoft Visual Studio Solution File, Format Version 12.00
# Visual Studio Version 16
VisualStudioVersion = 16.0.30517.126
MinimumVisualStudioVersion = 10.0.40219.1
Project("{FAE04EC0-301F-11D3-BF4B-00C04F79EFBC}") = "WcfService1", "WcfService1\WcfService1.csproj", "{BA1F2C8A-81EC-4FCA-9BBF-F904F892EC25}"
EndProject
Global
	GlobalSection(SolutionConfigurationPlatforms) = preSolution
		Debug|Any CPU = Debug|Any CPU
		Release|Any CPU = Release|Any CPU
	EndGlobalSection
	GlobalSection(ProjectConfigurationPlatforms) = postSolution
		{BA1F2C8A-81EC-4FCA-9BBF-F904F892EC25}.Debug|Any CPU.ActiveCfg = Debug|Any CPU
		{BA1F2C8A-81EC-4FCA-9BBF-F904F892EC25}.Debug|Any CPU.Build.0 = Debug|Any CPU
		{BA1F2C8A-81EC-4FCA-9BBF-F904F892EC25}.Release|Any CPU.ActiveCfg = Release|Any CPU
		{BA1F2C8A-81EC-4FCA-9BBF-F904F892EC25}.Release|Any CPU.Build.0 = Release|Any CPU
	EndGlobalSection
	GlobalSection(SolutionProperties) = preSolution
		HideSolutionNode = FALSE
	EndGlobalSection
	GlobalSection(ExtensibilityGlobals) = postSolution
		SolutionGuid = {4A369E4E-2B63-412B-B4A5-7C8294D0D7BC}
	EndGlobalSection
EndGlobal
